
Microsoft Visual Studio Solution File, Format Version 12.00
# Visual Studio Version 17
VisualStudioVersion = 17.5.33424.131
MinimumVisualStudioVersion = 10.0.40219.1
Project("{FAE04EC0-301F-11D3-BF4B-00C04F79EFBC}") = "GrpcService", "GrpcService.csproj", "{EEECF18E-1C1B-4654-82DD-5DC74C6B9EAF}"
EndProject
Project("{FAE04EC0-301F-11D3-BF4B-00C04F79EFBC}") = "GrpcClient", "..\gRPCClient\GrpcClient.csproj", "{8073F8E3-B79A-4077-812A-B7CA0A4CAE0F}"
EndProject
Global
	GlobalSection(SolutionConfigurationPlatforms) = preSolution
		Debug|Any CPU = Debug|Any CPU
		Release|Any CPU = Release|Any CPU
	EndGlobalSection
	GlobalSection(ProjectConfigurationPlatforms) = postSolution
		{EEECF18E-1C1B-4654-82DD-5DC74C6B9EAF}.Debug|Any CPU.ActiveCfg = Debug|Any CPU
		{EEECF18E-1C1B-4654-82DD-5DC74C6B9EAF}.Debug|Any CPU.Build.0 = Debug|Any CPU
		{EEECF18E-1C1B-4654-82DD-5DC74C6B9EAF}.Release|Any CPU.ActiveCfg = Release|Any CPU
		{EEECF18E-1C1B-4654-82DD-5DC74C6B9EAF}.Release|Any CPU.Build.0 = Release|Any CPU
		{8073F8E3-B79A-4077-812A-B7CA0A4CAE0F}.Debug|Any CPU.ActiveCfg = Debug|Any CPU
		{8073F8E3-B79A-4077-812A-B7CA0A4CAE0F}.Debug|Any CPU.Build.0 = Debug|Any CPU
		{8073F8E3-B79A-4077-812A-B7CA0A4CAE0F}.Release|Any CPU.ActiveCfg = Release|Any CPU
		{8073F8E3-B79A-4077-812A-B7CA0A4CAE0F}.Release|Any CPU.Build.0 = Release|Any CPU
	EndGlobalSection
	GlobalSection(SolutionProperties) = preSolution
		HideSolutionNode = FALSE
	EndGlobalSection
	GlobalSection(ExtensibilityGlobals) = postSolution
		SolutionGuid = {746C9D11-06C4-496F-AAEA-B93386D27414}
	EndGlobalSection
EndGlobal
